
Microsoft Visual Studio Solution File, Format Version 12.00
# Visual Studio 15
VisualStudioVersion = 15.0.27128.1
MinimumVisualStudioVersion = 10.0.40219.1
Project("{FAE04EC0-301F-11D3-BF4B-00C04F79EFBC}") = "networktesttool", "networktesttool\networktesttool.csproj", "{602089E7-23B9-4824-95B9-BD5DDD020CD7}"
EndProject
Global
	GlobalSection(SolutionConfigurationPlatforms) = preSolution
		Debug|Any CPU = Debug|Any CPU
		Release|Any CPU = Release|Any CPU
	EndGlobalSection
	GlobalSection(ProjectConfigurationPlatforms) = postSolution
		{602089E7-23B9-4824-95B9-BD5DDD020CD7}.Debug|Any CPU.ActiveCfg = Debug|Any CPU
		{602089E7-23B9-4824-95B9-BD5DDD020CD7}.Debug|Any CPU.Build.0 = Debug|Any CPU
		{602089E7-23B9-4824-95B9-BD5DDD020CD7}.Release|Any CPU.ActiveCfg = Release|Any CPU
		{602089E7-23B9-4824-95B9-BD5DDD020CD7}.Release|Any CPU.Build.0 = Release|Any CPU
	EndGlobalSection
	GlobalSection(SolutionProperties) = preSolution
		HideSolutionNode = FALSE
	EndGlobalSection
	GlobalSection(ExtensibilityGlobals) = postSolution
		SolutionGuid = {360CCAA9-3C9E-4829-8C1E-787D882E4C77}
	EndGlobalSection
	GlobalSection(TeamFoundationVersionControl) = preSolution
		SccNumberOfProjects = 2
		SccEnterpriseProvider = {4CA58AB2-18FA-4F8D-95D4-32DDF27D184C}
		SccTeamFoundationServer = https://tristanx.visualstudio.com/
		SccLocalPath0 = .
		SccProjectUniqueName1 = networktesttool\\networktesttool.csproj
		SccProjectName1 = networktesttool
		SccLocalPath1 = networktesttool
	EndGlobalSection
EndGlobal
